
Microsoft Visual Studio Solution File, Format Version 12.00
# Visual Studio 15
VisualStudioVersion = 15.0.27130.2024
MinimumVisualStudioVersion = 10.0.40219.1
Project("{9092AA53-FB77-4645-B42D-1CCCA6BD08BD}") = "MathMlNow", "MathMlNow\MathMlNow.njsproj", "{D733CA4E-97FF-4DF2-B874-5EFA2622E0C1}"
EndProject
Global
	GlobalSection(SolutionConfigurationPlatforms) = preSolution
		Debug|Any CPU = Debug|Any CPU
		Release|Any CPU = Release|Any CPU
	EndGlobalSection
	GlobalSection(ProjectConfigurationPlatforms) = postSolution
		{D733CA4E-97FF-4DF2-B874-5EFA2622E0C1}.Debug|Any CPU.ActiveCfg = Debug|Any CPU
		{D733CA4E-97FF-4DF2-B874-5EFA2622E0C1}.Debug|Any CPU.Build.0 = Debug|Any CPU
		{D733CA4E-97FF-4DF2-B874-5EFA2622E0C1}.Release|Any CPU.ActiveCfg = Release|Any CPU
		{D733CA4E-97FF-4DF2-B874-5EFA2622E0C1}.Release|Any CPU.Build.0 = Release|Any CPU
	EndGlobalSection
	GlobalSection(SolutionProperties) = preSolution
		HideSolutionNode = FALSE
	EndGlobalSection
	GlobalSection(ExtensibilityGlobals) = postSolution
		SolutionGuid = {47B588D6-9E6F-4C50-9E7C-B916B200940F}
	EndGlobalSection
EndGlobal
